
Microsoft Visual Studio Solution File, Format Version 12.00
# Visual Studio Version 16
VisualStudioVersion = 16.0.29509.3
MinimumVisualStudioVersion = 10.0.40219.1
Project("{FAE04EC0-301F-11D3-BF4B-00C04F79EFBC}") = "QuanLyShopThoiTrang", "WindowsFormsApp3\QuanLyShopThoiTrang.csproj", "{56E7316B-42A4-4A06-BFA4-0E1794C5E802}"
EndProject
Global
	GlobalSection(SolutionConfigurationPlatforms) = preSolution
		Debug|Any CPU = Debug|Any CPU
		Release|Any CPU = Release|Any CPU
	EndGlobalSection
	GlobalSection(ProjectConfigurationPlatforms) = postSolution
		{56E7316B-42A4-4A06-BFA4-0E1794C5E802}.Debug|Any CPU.ActiveCfg = Debug|Any CPU
		{56E7316B-42A4-4A06-BFA4-0E1794C5E802}.Debug|Any CPU.Build.0 = Debug|Any CPU
		{56E7316B-42A4-4A06-BFA4-0E1794C5E802}.Release|Any CPU.ActiveCfg = Release|Any CPU
		{56E7316B-42A4-4A06-BFA4-0E1794C5E802}.Release|Any CPU.Build.0 = Release|Any CPU
	EndGlobalSection
	GlobalSection(SolutionProperties) = preSolution
		HideSolutionNode = FALSE
	EndGlobalSection
	GlobalSection(ExtensibilityGlobals) = postSolution
		SolutionGuid = {7CE336F5-153F-4495-A3B2-D1F31A73B3FB}
	EndGlobalSection
EndGlobal
